
Microsoft Visual Studio Solution File, Format Version 12.00
# Visual Studio Version 17
VisualStudioVersion = 17.5.33502.453
MinimumVisualStudioVersion = 10.0.40219.1
Project("{FAE04EC0-301F-11D3-BF4B-00C04F79EFBC}") = "ConsoleApp1", "ConsoleApp1\ConsoleApp1.csproj", "{089697C2-9D0C-4070-83B6-E4EB6AA08727}"
EndProject
Global
	GlobalSection(SolutionConfigurationPlatforms) = preSolution
		Debug|Any CPU = Debug|Any CPU
		Release|Any CPU = Release|Any CPU
	EndGlobalSection
	GlobalSection(ProjectConfigurationPlatforms) = postSolution
		{089697C2-9D0C-4070-83B6-E4EB6AA08727}.Debug|Any CPU.ActiveCfg = Debug|Any CPU
		{089697C2-9D0C-4070-83B6-E4EB6AA08727}.Debug|Any CPU.Build.0 = Debug|Any CPU
		{089697C2-9D0C-4070-83B6-E4EB6AA08727}.Release|Any CPU.ActiveCfg = Release|Any CPU
		{089697C2-9D0C-4070-83B6-E4EB6AA08727}.Release|Any CPU.Build.0 = Release|Any CPU
	EndGlobalSection
	GlobalSection(SolutionProperties) = preSolution
		HideSolutionNode = FALSE
	EndGlobalSection
	GlobalSection(ExtensibilityGlobals) = postSolution
		SolutionGuid = {372B8C0E-0FE1-40E2-AE6B-7A046CD12EAF}
	EndGlobalSection
EndGlobal
