
Microsoft Visual Studio Solution File, Format Version 12.00
# Visual Studio Version 17
VisualStudioVersion = 17.5.33502.453
MinimumVisualStudioVersion = 10.0.40219.1
Project("{FAE04EC0-301F-11D3-BF4B-00C04F79EFBC}") = "NitishaTimalsina", "NitishaTimalsina.csproj", "{3252A31E-6319-4E88-8466-FD715CEF6F07}"
EndProject
Global
	GlobalSection(SolutionConfigurationPlatforms) = preSolution
		Debug|Any CPU = Debug|Any CPU
		Release|Any CPU = Release|Any CPU
	EndGlobalSection
	GlobalSection(ProjectConfigurationPlatforms) = postSolution
		{3252A31E-6319-4E88-8466-FD715CEF6F07}.Debug|Any CPU.ActiveCfg = Debug|Any CPU
		{3252A31E-6319-4E88-8466-FD715CEF6F07}.Debug|Any CPU.Build.0 = Debug|Any CPU
		{3252A31E-6319-4E88-8466-FD715CEF6F07}.Release|Any CPU.ActiveCfg = Release|Any CPU
		{3252A31E-6319-4E88-8466-FD715CEF6F07}.Release|Any CPU.Build.0 = Release|Any CPU
	EndGlobalSection
	GlobalSection(SolutionProperties) = preSolution
		HideSolutionNode = FALSE
	EndGlobalSection
	GlobalSection(ExtensibilityGlobals) = postSolution
		SolutionGuid = {5FED1945-845C-4C77-A5A8-738D6E98BAC5}
	EndGlobalSection
EndGlobal
