
Microsoft Visual Studio Solution File, Format Version 12.00
# Visual Studio Version 17
VisualStudioVersion = 17.5.33502.453
MinimumVisualStudioVersion = 10.0.40219.1
Project("{FAE04EC0-301F-11D3-BF4B-00C04F79EFBC}") = "Assignment1", "Assignment1\Assignment1.csproj", "{C3B7C087-9644-4097-9B09-AEA96D3EB922}"
EndProject
Global
	GlobalSection(SolutionConfigurationPlatforms) = preSolution
		Debug|Any CPU = Debug|Any CPU
		Release|Any CPU = Release|Any CPU
	EndGlobalSection
	GlobalSection(ProjectConfigurationPlatforms) = postSolution
		{C3B7C087-9644-4097-9B09-AEA96D3EB922}.Debug|Any CPU.ActiveCfg = Debug|Any CPU
		{C3B7C087-9644-4097-9B09-AEA96D3EB922}.Debug|Any CPU.Build.0 = Debug|Any CPU
		{C3B7C087-9644-4097-9B09-AEA96D3EB922}.Release|Any CPU.ActiveCfg = Release|Any CPU
		{C3B7C087-9644-4097-9B09-AEA96D3EB922}.Release|Any CPU.Build.0 = Release|Any CPU
	EndGlobalSection
	GlobalSection(SolutionProperties) = preSolution
		HideSolutionNode = FALSE
	EndGlobalSection
	GlobalSection(ExtensibilityGlobals) = postSolution
		SolutionGuid = {6EF722AF-E81D-43B8-8DB0-47D86A185E23}
	EndGlobalSection
EndGlobal
