
Microsoft Visual Studio Solution File, Format Version 12.00
# Visual Studio Version 17
VisualStudioVersion = 17.5.33502.453
MinimumVisualStudioVersion = 10.0.40219.1
Project("{FAE04EC0-301F-11D3-BF4B-00C04F79EFBC}") = "ConsoleExamples", "ConsoleExamples.csproj", "{791A5E42-EB10-4E00-B7C4-3850E6EEC26C}"
EndProject
Global
	GlobalSection(SolutionConfigurationPlatforms) = preSolution
		Debug|Any CPU = Debug|Any CPU
		Release|Any CPU = Release|Any CPU
	EndGlobalSection
	GlobalSection(ProjectConfigurationPlatforms) = postSolution
		{791A5E42-EB10-4E00-B7C4-3850E6EEC26C}.Debug|Any CPU.ActiveCfg = Debug|Any CPU
		{791A5E42-EB10-4E00-B7C4-3850E6EEC26C}.Debug|Any CPU.Build.0 = Debug|Any CPU
		{791A5E42-EB10-4E00-B7C4-3850E6EEC26C}.Release|Any CPU.ActiveCfg = Release|Any CPU
		{791A5E42-EB10-4E00-B7C4-3850E6EEC26C}.Release|Any CPU.Build.0 = Release|Any CPU
	EndGlobalSection
	GlobalSection(SolutionProperties) = preSolution
		HideSolutionNode = FALSE
	EndGlobalSection
	GlobalSection(ExtensibilityGlobals) = postSolution
		SolutionGuid = {2931D954-9F81-474E-A659-69F59FBC0428}
	EndGlobalSection
EndGlobal
